dependencies:
- name: postgresql
  repository: oci://registry-1.docker.io/bitnamicharts
  version: 16.3.0
- name: redis
  repository: oci://registry-1.docker.io/bitnamicharts
  version: 20.5.0
- name: common
  repository: oci://registry-1.docker.io/bitnamicharts
  version: 2.28.0
digest: sha256:dc8fade2ef856946eebe594b93084b97eb2c1d7dbe5a6785dc9bc954095f1be4
generated: "2024-12-13T09:44:01.234013556+07:00"
