dependencies:
- name: postgresql
  repository: oci://registry-1.docker.io/bitnamicharts
  version: 16.4.14
- name: redis
  repository: oci://registry-1.docker.io/bitnamicharts
  version: 20.9.0
- name: common
  repository: oci://registry-1.docker.io/bitnamicharts
  version: 2.30.0
digest: sha256:db3cc92930e366c74569ff34c46e260a6cd9d6c90817d0c09822692be00d2fdd
generated: "2025-02-26T10:18:24.919200064+07:00"
